<?xml version="1.0" encoding="utf-8"?>
<Project ToolsVersion="4.0" xmlns="http://schemas.microsoft.com/developer/msbuild/2003">
  <ItemGroup>
    <Filter Include="Zdrojové soubory">
      <UniqueIdentifier>{4FC737F1-C7A5-4376-A066-2A32D752A2FF}</UniqueIdentifier>
      <Extensions>cpp;c;cc;cxx;c++;cppm;ixx;def;odl;idl;hpj;bat;asm;asmx</Extensions>
    </Filter>
    <Filter Include="Hlavičkové soubory">
      <UniqueIdentifier>{93995380-89BD-4b04-88EB-625FBE52EBFB}</UniqueIdentifier>
      <Extensions>h;hh;hpp;hxx;h++;hm;inl;inc;ipp;xsd</Extensions>
    </Filter>
    <Filter Include="Soubory zdrojů">
      <UniqueIdentifier>{67DA6AB6-F800-4c08-8B7A-83BB121AAD01}</UniqueIdentifier>
      <Extensions>rc;ico;cur;bmp;dlg;rc2;rct;bin;rgs;gif;jpg;jpeg;jpe;resx;tiff;tif;png;wav;mfcribbon-ms</Extensions>
    </Filter>
  </ItemGroup>
  <ItemGroup>
    <ClCompile Include="source\ModuleMain.cpp">
      <Filter>Zdrojové soubory</Filter>
    </ClCompile>
    <ClCompile Include="include\Zydis\Zydis.c">
      <Filter>Zdrojové soubory</Filter>
    </ClCompile>
    <ClCompile Include="source\YYTK\Module Internals\Console\Console.cpp">
      <Filter>Zdrojové soubory</Filter>
    </ClCompile>
    <ClCompile Include="source\YYTK\Module Interface\Interface.cpp">
      <Filter>Zdrojové soubory</Filter>
    </ClCompile>
    <ClCompile Include="source\YYTK\Module Internals\Hooks\Hooks.cpp">
      <Filter>Zdrojové soubory</Filter>
    </ClCompile>
    <ClCompile Include="source\YYTK\Shared.cpp">
      <Filter>Zdrojové soubory</Filter>
    </ClCompile>
    <ClCompile Include="source\YYTK\Module Internals\GameMaker\Generic\Generic.cpp">
      <Filter>Zdrojové soubory</Filter>
    </ClCompile>
    <ClCompile Include="source\YYTK\Module Internals\GameMaker\YYC\YYC-Arrays.cpp">
      <Filter>Zdrojové soubory</Filter>
    </ClCompile>
    <ClCompile Include="source\YYTK\Module Internals\GameMaker\YYC\YYC-BuiltinVariables.cpp">
      <Filter>Zdrojové soubory</Filter>
    </ClCompile>
    <ClCompile Include="source\YYTK\Module Internals\GameMaker\YYC\YYC-Rooms.cpp">
      <Filter>Zdrojové soubory</Filter>
    </ClCompile>
    <ClCompile Include="source\YYTK\Module Internals\GameMaker\YYC\YYC-Functions.cpp">
      <Filter>Zdrojové soubory</Filter>
    </ClCompile>
    <ClCompile Include="source\YYTK\Module Internals\GameMaker\VM\VM-Arrays.cpp">
      <Filter>Zdrojové soubory</Filter>
    </ClCompile>
    <ClCompile Include="source\YYTK\Module Internals\GameMaker\VM\VM-BuiltinVariables.cpp">
      <Filter>Zdrojové soubory</Filter>
    </ClCompile>
    <ClCompile Include="source\YYTK\Module Internals\GameMaker\VM\VM-Functions.cpp">
      <Filter>Zdrojové soubory</Filter>
    </ClCompile>
    <ClCompile Include="source\YYTK\Module Internals\GameMaker\VM\VM-Rooms.cpp">
      <Filter>Zdrojové soubory</Filter>
    </ClCompile>
    <ClCompile Include="source\YYTK\Module Internals\GameMaker\Generic\Generic-Rooms.cpp">
      <Filter>Zdrojové soubory</Filter>
    </ClCompile>
    <ClCompile Include="source\YYTK\Module Internals\GameMaker\Generic\Generic-CodeExecute.cpp">
      <Filter>Zdrojové soubory</Filter>
    </ClCompile>
    <ClCompile Include="source\YYTK\Module Internals\GameMaker\Generic\Generic-RunnerInterfaceOld.cpp">
      <Filter>Zdrojové soubory</Filter>
    </ClCompile>
    <ClCompile Include="source\YYTK\Module Internals\GameMaker\Generic\Generic-Objects.cpp">
      <Filter>Zdrojové soubory</Filter>
    </ClCompile>
    <ClCompile Include="source\YYTK\Module Internals\GameMaker\Generic\Generic-RunnerInterfaceNew.cpp">
      <Filter>Zdrojové soubory</Filter>
    </ClCompile>
  </ItemGroup>
  <ItemGroup>
    <ClInclude Include="include\Aurie\shared.hpp">
      <Filter>Hlavičkové soubory</Filter>
    </ClInclude>
    <ClInclude Include="include\Zydis\Zydis.h">
      <Filter>Hlavičkové soubory</Filter>
    </ClInclude>
    <ClInclude Include="source\YYTK\Module Internals\Module Internals.hpp">
      <Filter>Hlavičkové soubory</Filter>
    </ClInclude>
    <ClInclude Include="source\YYTK\Shared.hpp">
      <Filter>Hlavičkové soubory</Filter>
    </ClInclude>
    <ClInclude Include="source\YYTK\Tool.hpp">
      <Filter>Hlavičkové soubory</Filter>
    </ClInclude>
    <ClInclude Include="source\YYTK\Module Interface\Interface.hpp">
      <Filter>Hlavičkové soubory</Filter>
    </ClInclude>
    <ClInclude Include="include\FunctionWrapper\FunctionWrapper.hpp">
      <Filter>Hlavičkové soubory</Filter>
    </ClInclude>
  </ItemGroup>
</Project>