<?xml version="1.0" encoding="utf-8"?>
<Project ToolsVersion="4.0" xmlns="http://schemas.microsoft.com/developer/msbuild/2003">
  <ItemGroup>
    <Filter Include="Source Files">
      <UniqueIdentifier>{4FC737F1-C7A5-4376-A066-2A32D752A2FF}</UniqueIdentifier>
      <Extensions>cpp;c;cc;cxx;c++;cppm;ixx;def;odl;idl;hpj;bat;asm;asmx</Extensions>
    </Filter>
    <Filter Include="Header Files">
      <UniqueIdentifier>{93995380-89BD-4b04-88EB-625FBE52EBFB}</UniqueIdentifier>
      <Extensions>h;hh;hpp;hxx;h++;hm;inl;inc;ipp;xsd</Extensions>
    </Filter>
    <Filter Include="Resource Files">
      <UniqueIdentifier>{67DA6AB6-F800-4c08-8B7A-83BB121AAD01}</UniqueIdentifier>
      <Extensions>rc;ico;cur;bmp;dlg;rc2;rct;bin;rgs;gif;jpg;jpeg;jpe;resx;tiff;tif;png;wav;mfcribbon-ms</Extensions>
    </Filter>
  </ItemGroup>
  <ItemGroup>
    <ClCompile Include="Src\DllMain.cpp">
      <Filter>Source Files</Filter>
    </ClCompile>
    <ClCompile Include="Src\SDK\Structures\Documented\CDynamicArray\CDynamicArray.cpp">
      <Filter>Source Files</Filter>
    </ClCompile>
    <ClCompile Include="Src\SDK\Structures\Documented\RefThing\RefThing.cpp">
      <Filter>Source Files</Filter>
    </ClCompile>
    <ClCompile Include="Src\SDK\Structures\Documented\YYRValue\YYRValue.cpp">
      <Filter>Source Files</Filter>
    </ClCompile>
    <ClCompile Include="Src\Features\Features.cpp">
      <Filter>Source Files</Filter>
    </ClCompile>
  </ItemGroup>
  <ItemGroup>
    <ClInclude Include="Src\SDK\Enums\Enums.hpp">
      <Filter>Header Files</Filter>
    </ClInclude>
    <ClInclude Include="Src\SDK\FwdDecls\FwdDecls.hpp">
      <Filter>Header Files</Filter>
    </ClInclude>
    <ClInclude Include="Src\SDK\Plugins\YYTKEvent\YYTKEvent.hpp">
      <Filter>Header Files</Filter>
    </ClInclude>
    <ClInclude Include="Src\SDK\Plugins\Plugins.hpp">
      <Filter>Header Files</Filter>
    </ClInclude>
    <ClInclude Include="Src\SDK\Structures\Documented\APIVars\APIVars.hpp">
      <Filter>Header Files</Filter>
    </ClInclude>
    <ClInclude Include="Src\SDK\Structures\Documented\CCode\CCode.hpp">
      <Filter>Header Files</Filter>
    </ClInclude>
    <ClInclude Include="Src\SDK\Structures\Documented\CDynamicArray\CDynamicArray.hpp">
      <Filter>Header Files</Filter>
    </ClInclude>
    <ClInclude Include="Src\SDK\Structures\Documented\CHashMap\CHashMap.hpp">
      <Filter>Header Files</Filter>
    </ClInclude>
    <ClInclude Include="Src\SDK\Structures\Documented\FunctionInfo\FunctionInfo.hpp">
      <Filter>Header Files</Filter>
    </ClInclude>
    <ClInclude Include="Src\SDK\Structures\Documented\Math\Math.hpp">
      <Filter>Header Files</Filter>
    </ClInclude>
    <ClInclude Include="Src\SDK\Structures\Documented\RefThing\RefThing.hpp">
      <Filter>Header Files</Filter>
    </ClInclude>
    <ClInclude Include="Src\SDK\Structures\Documented\RToken\RToken.hpp">
      <Filter>Header Files</Filter>
    </ClInclude>
    <ClInclude Include="Src\SDK\Structures\Documented\VMBuffer\VMBuffer.hpp">
      <Filter>Header Files</Filter>
    </ClInclude>
    <ClInclude Include="Src\SDK\Structures\Documented\YYRValue\YYRValue.hpp">
      <Filter>Header Files</Filter>
    </ClInclude>
    <ClInclude Include="Src\SDK\Structures\Undocumented\CScript\CScript.hpp">
      <Filter>Header Files</Filter>
    </ClInclude>
    <ClInclude Include="Src\SDK\Structures\Undocumented\VMExec\VMExec.hpp">
      <Filter>Header Files</Filter>
    </ClInclude>
    <ClInclude Include="Src\SDK\Structures\Undocumented\YYGMLFuncs\YYGMLFuncs.hpp">
      <Filter>Header Files</Filter>
    </ClInclude>
    <ClInclude Include="Src\SDK\Structures\Undocumented\YYObjectBase\YYObjectBase.hpp">
      <Filter>Header Files</Filter>
    </ClInclude>
    <ClInclude Include="Src\SDK\Structures\Undocumented\YYVAR\YYVAR.hpp">
      <Filter>Header Files</Filter>
    </ClInclude>
    <ClInclude Include="Src\SDK\SDK.hpp">
      <Filter>Header Files</Filter>
    </ClInclude>
    <ClInclude Include="Src\Features\Features.hpp">
      <Filter>Header Files</Filter>
    </ClInclude>
  </ItemGroup>
</Project>